
Microsoft Visual Studio Solution File, Format Version 12.00
# Visual Studio Version 17
VisualStudioVersion = 17.5.002.0
MinimumVisualStudioVersion = 10.0.40219.1
Project("{9A19103F-16F7-4668-BE54-9A1E7A4F7556}") = "LibraryTests", "LibraryTests.csproj", "{29A06FEC-9E0F-4FC9-876E-D2FBD5567923}"
EndProject
Global
	GlobalSection(SolutionConfigurationPlatforms) = preSolution
		Debug|Any CPU = Debug|Any CPU
		Release|Any CPU = Release|Any CPU
	EndGlobalSection
	GlobalSection(ProjectConfigurationPlatforms) = postSolution
		{29A06FEC-9E0F-4FC9-876E-D2FBD5567923}.Debug|Any CPU.ActiveCfg = Debug|Any CPU
		{29A06FEC-9E0F-4FC9-876E-D2FBD5567923}.Debug|Any CPU.Build.0 = Debug|Any CPU
		{29A06FEC-9E0F-4FC9-876E-D2FBD5567923}.Release|Any CPU.ActiveCfg = Release|Any CPU
		{29A06FEC-9E0F-4FC9-876E-D2FBD5567923}.Release|Any CPU.Build.0 = Release|Any CPU
	EndGlobalSection
	GlobalSection(SolutionProperties) = preSolution
		HideSolutionNode = FALSE
	EndGlobalSection
	GlobalSection(ExtensibilityGlobals) = postSolution
		SolutionGuid = {A02B5722-0462-48E1-9C70-5CECF42ABA71}
	EndGlobalSection
EndGlobal
